
Microsoft Visual Studio Solution File, Format Version 12.00
# Visual Studio 15
VisualStudioVersion = 15.0.27130.0
MinimumVisualStudioVersion = 10.0.40219.1
Project("{FAE04EC0-301F-11D3-BF4B-00C04F79EFBC}") = "TaskDialog", "TaskDialog\TaskDialog.csproj", "{DF709804-9332-4C2D-89EC-96833D11CE8A}"
EndProject
Project("{2150E333-8FDC-42A3-9474-1A3956D46DE8}") = "Solution Items", "Solution Items", "{2147AE52-E84D-47B3-A4EC-787FF8296E3A}"
	ProjectSection(SolutionItems) = preProject
		README.md = README.md
	EndProjectSection
EndProject
Global
	GlobalSection(SolutionConfigurationPlatforms) = preSolution
		Debug|Any CPU = Debug|Any CPU
		Release|Any CPU = Release|Any CPU
	EndGlobalSection
	GlobalSection(ProjectConfigurationPlatforms) = postSolution
		{DF709804-9332-4C2D-89EC-96833D11CE8A}.Debug|Any CPU.ActiveCfg = Debug|Any CPU
		{DF709804-9332-4C2D-89EC-96833D11CE8A}.Debug|Any CPU.Build.0 = Debug|Any CPU
		{DF709804-9332-4C2D-89EC-96833D11CE8A}.Release|Any CPU.ActiveCfg = Release|Any CPU
		{DF709804-9332-4C2D-89EC-96833D11CE8A}.Release|Any CPU.Build.0 = Release|Any CPU
	EndGlobalSection
	GlobalSection(SolutionProperties) = preSolution
		HideSolutionNode = FALSE
	EndGlobalSection
	GlobalSection(ExtensibilityGlobals) = postSolution
		SolutionGuid = {A7940F4B-EEBB-4B1A-BDDB-8E8B367840A6}
	EndGlobalSection
EndGlobal
